
Microsoft Visual Studio Solution File, Format Version 12.00
# Visual Studio Version 17
VisualStudioVersion = 17.2.32602.215
MinimumVisualStudioVersion = 10.0.40219.1
Project("{FAE04EC0-301F-11D3-BF4B-00C04F79EFBC}") = "PatternObserver", "PatternObserver\PatternObserver.csproj", "{0298DB2E-5498-4B28-844C-5D45A5F1328C}"
EndProject
Global
	GlobalSection(SolutionConfigurationPlatforms) = preSolution
		Debug|Any CPU = Debug|Any CPU
		Release|Any CPU = Release|Any CPU
	EndGlobalSection
	GlobalSection(ProjectConfigurationPlatforms) = postSolution
		{0298DB2E-5498-4B28-844C-5D45A5F1328C}.Debug|Any CPU.ActiveCfg = Debug|Any CPU
		{0298DB2E-5498-4B28-844C-5D45A5F1328C}.Debug|Any CPU.Build.0 = Debug|Any CPU
		{0298DB2E-5498-4B28-844C-5D45A5F1328C}.Release|Any CPU.ActiveCfg = Release|Any CPU
		{0298DB2E-5498-4B28-844C-5D45A5F1328C}.Release|Any CPU.Build.0 = Release|Any CPU
	EndGlobalSection
	GlobalSection(SolutionProperties) = preSolution
		HideSolutionNode = FALSE
	EndGlobalSection
	GlobalSection(ExtensibilityGlobals) = postSolution
		SolutionGuid = {8C886D09-F18A-4178-8AF9-1B865D41F615}
	EndGlobalSection
EndGlobal
